<?xml version="1.0" encoding="utf-8"?>
<Project ToolsVersion="4.0" xmlns="http://schemas.microsoft.com/developer/msbuild/2003">
  <ItemGroup>
    <Filter Include="Charactor">
      <UniqueIdentifier>{4f86c412-b6e2-419e-a125-a1f1efed96e6}</UniqueIdentifier>
    </Filter>
    <Filter Include="Physics">
      <UniqueIdentifier>{7bfd778f-cc65-4cf3-a0ea-b26ad2910987}</UniqueIdentifier>
    </Filter>
    <Filter Include="Callback">
      <UniqueIdentifier>{2152cc7f-346f-4642-83e0-7fb5b127770b}</UniqueIdentifier>
    </Filter>
    <Filter Include="header">
      <UniqueIdentifier>{93995380-89BD-4b04-88EB-625FBE52EBFB}</UniqueIdentifier>
      <Extensions>h;hh;hpp;hxx;h++;hm;inl;inc;ipp;xsd</Extensions>
    </Filter>
  </ItemGroup>
  <ItemGroup>
    <ClInclude Include="framework.h">
      <Filter>header</Filter>
    </ClInclude>
    <ClInclude Include="pch.h">
      <Filter>header</Filter>
    </ClInclude>
    <ClInclude Include="CharactorController.h">
      <Filter>Charactor</Filter>
    </ClInclude>
    <ClInclude Include="CharactorMovement.h">
      <Filter>Charactor</Filter>
    </ClInclude>
    <ClInclude Include="PhsicsCharactorEventCallback.h">
      <Filter>Callback</Filter>
    </ClInclude>
    <ClInclude Include="PhsicsCharactorHitReportCallback.h">
      <Filter>Callback</Filter>
    </ClInclude>
    <ClInclude Include="PhysicsSimulationEventCallback.h">
      <Filter>Callback</Filter>
    </ClInclude>
    <ClInclude Include="PhysX.h">
      <Filter>Physics</Filter>
    </ClInclude>
    <ClInclude Include="ActorUserData.h">
      <Filter>Callback</Filter>
    </ClInclude>
  </ItemGroup>
  <ItemGroup>
    <ClCompile Include="pch.cpp">
      <Filter>header</Filter>
    </ClCompile>
    <ClCompile Include="CharactorController.cpp">
      <Filter>Charactor</Filter>
    </ClCompile>
    <ClCompile Include="CharactorMovement.cpp">
      <Filter>Charactor</Filter>
    </ClCompile>
    <ClCompile Include="PhsicsCharactorEventCallback.cpp">
      <Filter>Callback</Filter>
    </ClCompile>
    <ClCompile Include="PhsicsCharactorHitReportCallback.cpp">
      <Filter>Callback</Filter>
    </ClCompile>
    <ClCompile Include="PhysicsSimulationEventCallback.cpp">
      <Filter>Callback</Filter>
    </ClCompile>
    <ClCompile Include="PhysX.cpp">
      <Filter>Physics</Filter>
    </ClCompile>
    <ClCompile Include="ActorUserData.cpp">
      <Filter>Callback</Filter>
    </ClCompile>
  </ItemGroup>
</Project>